{
  "nodes": {
    "Prettier": {
      "flake": false,
      "locked": {
        "lastModified": 1634920614,
        "narHash": "sha256-75Ci+UElQVbaZf6OPJ00IUgEXooNcubRoF9KmkdIuXg=",
        "owner": "Z-snails",
        "repo": "prettier",
        "rev": "ca24f339e93c3f45d74349887f3f338cc7f5067b",
        "type": "github"
      },
      "original": {
        "owner": "Z-snails",
        "repo": "prettier",
        "type": "github"
      }
    },
    "collie": {
      "flake": false,
      "locked": {
        "lastModified": 1631011321,
        "narHash": "sha256-goYctB+WBoLgsbjA0DlqGjD8i9wr1K0lv0agqpuwflU=",
        "owner": "ohad",
        "repo": "collie",
        "rev": "ed2eda5e04fbd02a7728e915d396e14cc7ec298e",
        "type": "github"
      },
      "original": {
        "owner": "ohad",
        "repo": "collie",
        "type": "github"
      }
    },
    "comonad": {
      "flake": false,
      "locked": {
        "lastModified": 1632376482,
        "narHash": "sha256-Hq13g/Q/P6OfbUM78Ha4lkAwroS+Soc2SlRgwGrpqmg=",
        "owner": "stefan-hoeck",
        "repo": "idris2-comonad",
        "rev": "19f6f70af95377b0c05f20509417f43aac84f388",
        "type": "github"
      },
      "original": {
        "owner": "stefan-hoeck",
        "repo": "idris2-comonad",
        "type": "github"
      }
    },
    "dom": {
      "flake": false,
      "locked": {
        "lastModified": 1635588472,
        "narHash": "sha256-vyRpi9d91YcYR1FqcSVqSTORqb6SdraU345jaQRNihY=",
        "owner": "stefan-hoeck",
        "repo": "idris2-dom",
        "rev": "2d9ff5d19f9e4f3e56eba273c8233c98830d61cc",
        "type": "github"
      },
      "original": {
        "owner": "stefan-hoeck",
        "repo": "idris2-dom",
        "type": "github"
      }
    },
    "dot-parse": {
      "flake": false,
      "locked": {
        "lastModified": 1634139470,
        "narHash": "sha256-97ybAdkHnw8nrRpxXL/Y0Efg2vpdMk/pz2za9vRKaM4=",
        "owner": "CodingCellist",
        "repo": "idris2-dot-parse",
        "rev": "cb43167bcfb33f1606443af525e1aebffb35fcf8",
        "type": "github"
      },
      "original": {
        "owner": "CodingCellist",
        "repo": "idris2-dot-parse",
        "type": "github"
      }
    },
    "effect": {
      "flake": false,
      "locked": {
        "lastModified": 1630883224,
        "narHash": "sha256-Uz3UybSOLetaa46kDKoh0SDxhPJOLX05orrlySEVNck=",
        "owner": "russoul",
        "repo": "idris2-effect",
        "rev": "8d0f5381454931e94c855ebc11253e0bcfd5b051",
        "type": "github"
      },
      "original": {
        "owner": "russoul",
        "repo": "idris2-effect",
        "type": "github"
      }
    },
    "elab-util": {
      "flake": false,
      "locked": {
        "lastModified": 1634717609,
        "narHash": "sha256-ueXpNX96K9/On+S0V1b5mQ9lERdGEUwMvEyvw5uQwDQ=",
        "owner": "stefan-hoeck",
        "repo": "idris2-elab-util",
        "rev": "d08ff851c5273e765888fd24b27e683c97c15050",
        "type": "github"
      },
      "original": {
        "owner": "stefan-hoeck",
        "repo": "idris2-elab-util",
        "type": "github"
      }
    },
    "flake-utils": {
      "locked": {
        "lastModified": 1634851050,
        "narHash": "sha256-N83GlSGPJJdcqhUxSCS/WwW5pksYf3VP1M13cDRTSVA=",
        "owner": "numtide",
        "repo": "flake-utils",
        "rev": "c91f3de5adaf1de973b797ef7485e441a65b8935",
        "type": "github"
      },
      "original": {
        "owner": "numtide",
        "repo": "flake-utils",
        "type": "github"
      }
    },
    "frex": {
      "flake": false,
      "locked": {
        "lastModified": 1634296088,
        "narHash": "sha256-j+87XNHmviMaqhBZK6Po5xYQwInQ6HIjoCcMC+QXScM=",
        "owner": "frex-project",
        "repo": "idris-frex",
        "rev": "01a16be2c627f900b940dbc25cc4958dd3d567e2",
        "type": "github"
      },
      "original": {
        "owner": "frex-project",
        "repo": "idris-frex",
        "type": "github"
      }
    },
    "fvect": {
      "flake": false,
      "locked": {
        "lastModified": 1633247988,
        "narHash": "sha256-zElIze03XpcrYL4H5Aj0ZGNplJGbtOx+iWnivJMzHm0=",
        "owner": "mattpolzin",
        "repo": "idris-fvect",
        "rev": "1c5e3761e0cd83e711a3535ef9051bea45e6db3f",
        "type": "github"
      },
      "original": {
        "owner": "mattpolzin",
        "repo": "idris-fvect",
        "type": "github"
      }
    },
    "hedgehog": {
      "flake": false,
      "locked": {
        "lastModified": 1634786551,
        "narHash": "sha256-GKZ+qGJTs54AzLZyg2NAmL8WYiUTT2O19zhMX9ejp6c=",
        "owner": "stefan-hoeck",
        "repo": "idris2-hedgehog",
        "rev": "65c722698b2677fa474a2e00fcfa22d9b6f6e977",
        "type": "github"
      },
      "original": {
        "owner": "stefan-hoeck",
        "repo": "idris2-hedgehog",
        "type": "github"
      }
    },
    "idrall": {
      "flake": false,
      "locked": {
        "lastModified": 1634234727,
        "narHash": "sha256-fbGhrSqOAnyD/r1GvXXLajV8/QanE7+LpP5u+dgXzWQ=",
        "owner": "alexhumphreys",
        "repo": "idrall",
        "rev": "8dfb3275948e85f0da9cfae46f94a652872c8126",
        "type": "github"
      },
      "original": {
        "owner": "alexhumphreys",
        "repo": "idrall",
        "type": "github"
      }
    },
    "idris2": {
      "flake": false,
      "locked": {
        "lastModified": 1635634816,
        "narHash": "sha256-/y1BqL2maaAzSuW/xp+HLl6FR1eqiQOuMWCi3DzY7/Q=",
        "owner": "idris-lang",
        "repo": "idris2",
        "rev": "d531cc8dea878e43efa4a57f29de9a69f85235a4",
        "type": "github"
      },
      "original": {
        "owner": "idris-lang",
        "repo": "idris2",
        "type": "github"
      }
    },
    "inigo": {
      "flake": false,
      "locked": {
        "lastModified": 1633155834,
        "narHash": "sha256-iCxOT7718LExN+9TD9VzLHbhTBxCPLMhHYnDzEWfczQ=",
        "owner": "idris-community",
        "repo": "Inigo",
        "rev": "64163d453a60df58a2d0be595ec97fb45aa638fd",
        "type": "github"
      },
      "original": {
        "owner": "idris-community",
        "repo": "Inigo",
        "type": "github"
      }
    },
    "ipkg-to-json": {
      "flake": false,
      "locked": {
        "lastModified": 1634937414,
        "narHash": "sha256-LhSmWRpI7vyIQE7QTo38ZTjlqYPVSvV/DIpIxzPmqS0=",
        "owner": "claymager",
        "repo": "ipkg-to-json",
        "rev": "2969b6b83714eeddc31e41577a565778ee5922e6",
        "type": "github"
      },
      "original": {
        "owner": "claymager",
        "repo": "ipkg-to-json",
        "type": "github"
      }
    },
    "json": {
      "flake": false,
      "locked": {
        "lastModified": 1632203993,
        "narHash": "sha256-fPG1mNqOM2xPJOaLFtTEz8c7lzbD3fszJypIuXUtrLk=",
        "owner": "stefan-hoeck",
        "repo": "idris2-json",
        "rev": "04a65808386eb4217ae8e61a297a6baf0daece9b",
        "type": "github"
      },
      "original": {
        "owner": "stefan-hoeck",
        "repo": "idris2-json",
        "type": "github"
      }
    },
    "katla": {
      "flake": false,
      "locked": {
        "lastModified": 1634269657,
        "narHash": "sha256-MmTn1Pw1Oy8xTE6Yv0OVgdFoWqyFQ5M5z7Z0jDaKm28=",
        "owner": "idris-community",
        "repo": "katla",
        "rev": "9d018b2828b6095d54db705170daba314d2da2b7",
        "type": "github"
      },
      "original": {
        "owner": "idris-community",
        "repo": "katla",
        "type": "github"
      }
    },
    "lsp": {
      "flake": false,
      "locked": {
        "lastModified": 1635683268,
        "narHash": "sha256-yFHejwgixmfJ25vJQGdtAGwpp1mXeohQet3Tn3vQNiY=",
        "owner": "idris-community",
        "repo": "idris2-lsp",
        "rev": "9627181cdd7618f4be3aa284973c6160364dff1f",
        "type": "github"
      },
      "original": {
        "owner": "idris-community",
        "repo": "idris2-lsp",
        "type": "github"
      }
    },
    "nixpkgs": {
      "locked": {
        "lastModified": 1635567201,
        "narHash": "sha256-xKHTZsJgX5bRLUJpbt2etIu3POSMuVSiZKHFjOwJrRs=",
        "owner": "NixOS",
        "repo": "nixpkgs",
        "rev": "c597868b85c85c707c5039cba01764364e01dc12",
        "type": "github"
      },
      "original": {
        "id": "nixpkgs",
        "type": "indirect"
      }
    },
    "pretty-show": {
      "flake": false,
      "locked": {
        "lastModified": 1634216182,
        "narHash": "sha256-ZXAPN4ueU19vK/zvEQIAsnY9Wdfz5qb4AKUtmw+fid8=",
        "owner": "stefan-hoeck",
        "repo": "idris2-pretty-show",
        "rev": "3a63c50d1988f7b64f6955bde55cef88fb6c9e75",
        "type": "github"
      },
      "original": {
        "owner": "stefan-hoeck",
        "repo": "idris2-pretty-show",
        "type": "github"
      }
    },
    "root": {
      "inputs": {
        "Prettier": "Prettier",
        "collie": "collie",
        "comonad": "comonad",
        "dom": "dom",
        "dot-parse": "dot-parse",
        "effect": "effect",
        "elab-util": "elab-util",
        "flake-utils": "flake-utils",
        "frex": "frex",
        "fvect": "fvect",
        "hedgehog": "hedgehog",
        "idrall": "idrall",
        "idris2": "idris2",
        "inigo": "inigo",
        "ipkg-to-json": "ipkg-to-json",
        "json": "json",
        "katla": "katla",
        "lsp": "lsp",
        "nixpkgs": "nixpkgs",
        "pretty-show": "pretty-show",
        "sop": "sop"
      }
    },
    "sop": {
      "flake": false,
      "locked": {
        "lastModified": 1634786523,
        "narHash": "sha256-t7b9hO+N5uy48cLIJcN3R8Et04lQ2kTQDHYg7opqlg0=",
        "owner": "stefan-hoeck",
        "repo": "idris2-sop",
        "rev": "fc7fff84b582bbc332107bef092e92ebabd3158c",
        "type": "github"
      },
      "original": {
        "owner": "stefan-hoeck",
        "repo": "idris2-sop",
        "type": "github"
      }
    }
  },
  "root": "root",
  "version": 7
}
