{
  "nodes": {
    "comonad": {
      "flake": false,
      "locked": {
        "lastModified": 1632376482,
        "narHash": "sha256-Hq13g/Q/P6OfbUM78Ha4lkAwroS+Soc2SlRgwGrpqmg=",
        "owner": "stefan-hoeck",
        "repo": "idris2-comonad",
        "rev": "19f6f70af95377b0c05f20509417f43aac84f388",
        "type": "github"
      },
      "original": {
        "owner": "stefan-hoeck",
        "repo": "idris2-comonad",
        "type": "github"
      }
    },
    "dom": {
      "flake": false,
      "locked": {
        "lastModified": 1634639188,
        "narHash": "sha256-wsQh2F2/k5NZvKle0IKLVsbF5vMC+NbQNPUpIA1+1XQ=",
        "owner": "stefan-hoeck",
        "repo": "idris2-dom",
        "rev": "a44ba08b01ee818adb991bd33891fa3a5b079cb9",
        "type": "github"
      },
      "original": {
        "owner": "stefan-hoeck",
        "repo": "idris2-dom",
        "type": "github"
      }
    },
    "elab-util": {
      "flake": false,
      "locked": {
        "lastModified": 1632201198,
        "narHash": "sha256-Yg96qpo79VYwXhg+H9EhXxf2CZ/1N8Dy6L6DayIMvS0=",
        "owner": "stefan-hoeck",
        "repo": "idris2-elab-util",
        "rev": "b8bbc14f5299f5bf4d9a84c72f3236b791e85dbe",
        "type": "github"
      },
      "original": {
        "owner": "stefan-hoeck",
        "repo": "idris2-elab-util",
        "type": "github"
      }
    },
    "flake-utils": {
      "locked": {
        "lastModified": 1631561581,
        "narHash": "sha256-3VQMV5zvxaVLvqqUrNz3iJelLw30mIVSfZmAaauM3dA=",
        "owner": "numtide",
        "repo": "flake-utils",
        "rev": "7e5bf3925f6fbdfaf50a2a7ca0be2879c4261d19",
        "type": "github"
      },
      "original": {
        "owner": "numtide",
        "repo": "flake-utils",
        "type": "github"
      }
    },
    "hedgehog": {
      "flake": false,
      "locked": {
        "lastModified": 1632203971,
        "narHash": "sha256-0P8MJiQjytAddmmsYmrm4fFhCybSGi9mlLfQKeDHpZo=",
        "owner": "stefan-hoeck",
        "repo": "idris2-hedgehog",
        "rev": "172fde98dd3a90f26f60a58bccdcfcd7e6037538",
        "type": "github"
      },
      "original": {
        "owner": "stefan-hoeck",
        "repo": "idris2-hedgehog",
        "type": "github"
      }
    },
    "idrall": {
      "flake": false,
      "locked": {
        "lastModified": 1634234727,
        "narHash": "sha256-fbGhrSqOAnyD/r1GvXXLajV8/QanE7+LpP5u+dgXzWQ=",
        "owner": "alexhumphreys",
        "repo": "idrall",
        "rev": "8dfb3275948e85f0da9cfae46f94a652872c8126",
        "type": "github"
      },
      "original": {
        "owner": "alexhumphreys",
        "repo": "idrall",
        "type": "github"
      }
    },
    "idris2-src": {
      "flake": false,
      "locked": {
        "lastModified": 1633619223,
        "narHash": "sha256-0QuNyQ/H7faxjmiF5Lc1jXKazyqhyYjut3t++BO+h9Q=",
        "owner": "idris-lang",
        "repo": "idris2",
        "rev": "0a29d06fea91264aa8474e8bfe7e731d5252790c",
        "type": "github"
      },
      "original": {
        "owner": "idris-lang",
        "ref": "0a29d06f",
        "repo": "idris2",
        "type": "github"
      }
    },
    "ipkg-to-json": {
      "flake": false,
      "locked": {
        "lastModified": 1634747173,
        "narHash": "sha256-0LG+Y6JMHBGmuHgH8VbhqR/0McBvOhSTh5+HcG//8UU=",
        "owner": "claymager",
        "repo": "ipkg-to-json",
        "rev": "45b468475938e0c36d70da91a12fc28d88b4f575",
        "type": "github"
      },
      "original": {
        "owner": "claymager",
        "repo": "ipkg-to-json",
        "type": "github"
      }
    },
    "lsp": {
      "flake": false,
      "locked": {
        "lastModified": 1633546642,
        "narHash": "sha256-HJp6aHH1w/aN7aaHVQtlq2KLiBUpS3HkFIFuY1/64rU=",
        "owner": "idris-community",
        "repo": "idris2-lsp",
        "rev": "a9458e79a739b108561b50572eae6abe922b519f",
        "type": "github"
      },
      "original": {
        "owner": "idris-community",
        "repo": "idris2-lsp",
        "type": "github"
      }
    },
    "nixpkgs": {
      "locked": {
        "lastModified": 1624969164,
        "narHash": "sha256-2XK8hGrOi8tpuYncxXrzpCQoUkaZOaZDo8Fznb+sOkI=",
        "owner": "NixOS",
        "repo": "nixpkgs",
        "rev": "86869ad7357f6bfcba6f09a67d8b94f07978abc8",
        "type": "github"
      },
      "original": {
        "id": "nixpkgs",
        "type": "indirect"
      }
    },
    "pretty-show": {
      "flake": false,
      "locked": {
        "lastModified": 1634216182,
        "narHash": "sha256-ZXAPN4ueU19vK/zvEQIAsnY9Wdfz5qb4AKUtmw+fid8=",
        "owner": "stefan-hoeck",
        "repo": "idris2-pretty-show",
        "rev": "3a63c50d1988f7b64f6955bde55cef88fb6c9e75",
        "type": "github"
      },
      "original": {
        "owner": "stefan-hoeck",
        "repo": "idris2-pretty-show",
        "type": "github"
      }
    },
    "root": {
      "inputs": {
        "comonad": "comonad",
        "dom": "dom",
        "elab-util": "elab-util",
        "flake-utils": "flake-utils",
        "hedgehog": "hedgehog",
        "idrall": "idrall",
        "idris2-src": "idris2-src",
        "ipkg-to-json": "ipkg-to-json",
        "lsp": "lsp",
        "nixpkgs": "nixpkgs",
        "pretty-show": "pretty-show",
        "sop": "sop"
      }
    },
    "sop": {
      "flake": false,
      "locked": {
        "lastModified": 1632203586,
        "narHash": "sha256-2AdfUud5W+/R+KFHOaPUO5Lu1xKbnUdcCRLT8sGB3fg=",
        "owner": "stefan-hoeck",
        "repo": "idris2-sop",
        "rev": "a90f2e5c02b6fac09ad6e8339f0c8c3ad0ed1444",
        "type": "github"
      },
      "original": {
        "owner": "stefan-hoeck",
        "repo": "idris2-sop",
        "type": "github"
      }
    }
  },
  "root": "root",
  "version": 7
}
